
Microsoft Visual Studio Solution File, Format Version 12.00
# Visual Studio Version 16
VisualStudioVersion = 25.0.1704.0
MinimumVisualStudioVersion = 10.0.40219.1
Project("{FAE04EC0-301F-11D3-BF4B-00C04F79EFBC}") = "QuixTracker.Android", "QuixTracker.Android\QuixTracker.Android.csproj", "{6BD49369-754A-416B-A0B9-7B40AC9F23A5}"
EndProject
Project("{FAE04EC0-301F-11D3-BF4B-00C04F79EFBC}") = "QuixTracker.iOS", "QuixTracker.iOS\QuixTracker.iOS.csproj", "{8FB53AC5-6809-4D85-AEA0-97E29BFA73FB}"
EndProject
Project("{FAE04EC0-301F-11D3-BF4B-00C04F79EFBC}") = "QuixTracker", "QuixTracker\QuixTracker.csproj", "{FA17257F-B652-4335-AD20-76131423245E}"
EndProject
Global
	GlobalSection(SolutionConfigurationPlatforms) = preSolution
		Debug|Any CPU = Debug|Any CPU
		Release|Any CPU = Release|Any CPU
		Debug|iPhoneSimulator = Debug|iPhoneSimulator
		Release|iPhoneSimulator = Release|iPhoneSimulator
		Debug|iPhone = Debug|iPhone
		Release|iPhone = Release|iPhone
	EndGlobalSection
	GlobalSection(ProjectConfigurationPlatforms) = postSolution
		{6BD49369-754A-416B-A0B9-7B40AC9F23A5}.Debug|Any CPU.ActiveCfg = Debug|Any CPU
		{6BD49369-754A-416B-A0B9-7B40AC9F23A5}.Debug|Any CPU.Build.0 = Debug|Any CPU
		{6BD49369-754A-416B-A0B9-7B40AC9F23A5}.Release|Any CPU.ActiveCfg = Release|Any CPU
		{6BD49369-754A-416B-A0B9-7B40AC9F23A5}.Release|Any CPU.Build.0 = Release|Any CPU
		{6BD49369-754A-416B-A0B9-7B40AC9F23A5}.Debug|iPhoneSimulator.ActiveCfg = Debug|Any CPU
		{6BD49369-754A-416B-A0B9-7B40AC9F23A5}.Debug|iPhoneSimulator.Build.0 = Debug|Any CPU
		{6BD49369-754A-416B-A0B9-7B40AC9F23A5}.Release|iPhoneSimulator.ActiveCfg = Release|Any CPU
		{6BD49369-754A-416B-A0B9-7B40AC9F23A5}.Release|iPhoneSimulator.Build.0 = Release|Any CPU
		{6BD49369-754A-416B-A0B9-7B40AC9F23A5}.Debug|iPhone.ActiveCfg = Debug|Any CPU
		{6BD49369-754A-416B-A0B9-7B40AC9F23A5}.Debug|iPhone.Build.0 = Debug|Any CPU
		{6BD49369-754A-416B-A0B9-7B40AC9F23A5}.Release|iPhone.ActiveCfg = Release|Any CPU
		{6BD49369-754A-416B-A0B9-7B40AC9F23A5}.Release|iPhone.Build.0 = Release|Any CPU
		{8FB53AC5-6809-4D85-AEA0-97E29BFA73FB}.Debug|Any CPU.ActiveCfg = Debug|iPhoneSimulator
		{8FB53AC5-6809-4D85-AEA0-97E29BFA73FB}.Debug|Any CPU.Build.0 = Debug|iPhoneSimulator
		{8FB53AC5-6809-4D85-AEA0-97E29BFA73FB}.Release|Any CPU.ActiveCfg = Release|iPhoneSimulator
		{8FB53AC5-6809-4D85-AEA0-97E29BFA73FB}.Release|Any CPU.Build.0 = Release|iPhoneSimulator
		{8FB53AC5-6809-4D85-AEA0-97E29BFA73FB}.Debug|iPhoneSimulator.ActiveCfg = Debug|iPhoneSimulator
		{8FB53AC5-6809-4D85-AEA0-97E29BFA73FB}.Debug|iPhoneSimulator.Build.0 = Debug|iPhoneSimulator
		{8FB53AC5-6809-4D85-AEA0-97E29BFA73FB}.Release|iPhoneSimulator.ActiveCfg = Release|iPhoneSimulator
		{8FB53AC5-6809-4D85-AEA0-97E29BFA73FB}.Release|iPhoneSimulator.Build.0 = Release|iPhoneSimulator
		{8FB53AC5-6809-4D85-AEA0-97E29BFA73FB}.Debug|iPhone.ActiveCfg = Debug|iPhone
		{8FB53AC5-6809-4D85-AEA0-97E29BFA73FB}.Debug|iPhone.Build.0 = Debug|iPhone
		{8FB53AC5-6809-4D85-AEA0-97E29BFA73FB}.Release|iPhone.ActiveCfg = Release|iPhone
		{8FB53AC5-6809-4D85-AEA0-97E29BFA73FB}.Release|iPhone.Build.0 = Release|iPhone
		{FA17257F-B652-4335-AD20-76131423245E}.Debug|Any CPU.ActiveCfg = Debug|Any CPU
		{FA17257F-B652-4335-AD20-76131423245E}.Debug|Any CPU.Build.0 = Debug|Any CPU
		{FA17257F-B652-4335-AD20-76131423245E}.Release|Any CPU.ActiveCfg = Release|Any CPU
		{FA17257F-B652-4335-AD20-76131423245E}.Release|Any CPU.Build.0 = Release|Any CPU
		{FA17257F-B652-4335-AD20-76131423245E}.Debug|iPhoneSimulator.ActiveCfg = Debug|Any CPU
		{FA17257F-B652-4335-AD20-76131423245E}.Debug|iPhoneSimulator.Build.0 = Debug|Any CPU
		{FA17257F-B652-4335-AD20-76131423245E}.Release|iPhoneSimulator.ActiveCfg = Release|Any CPU
		{FA17257F-B652-4335-AD20-76131423245E}.Release|iPhoneSimulator.Build.0 = Release|Any CPU
		{FA17257F-B652-4335-AD20-76131423245E}.Debug|iPhone.ActiveCfg = Debug|Any CPU
		{FA17257F-B652-4335-AD20-76131423245E}.Debug|iPhone.Build.0 = Debug|Any CPU
		{FA17257F-B652-4335-AD20-76131423245E}.Release|iPhone.ActiveCfg = Release|Any CPU
		{FA17257F-B652-4335-AD20-76131423245E}.Release|iPhone.Build.0 = Release|Any CPU
	EndGlobalSection
	GlobalSection(SolutionProperties) = preSolution
		HideSolutionNode = FALSE
	EndGlobalSection
	GlobalSection(ExtensibilityGlobals) = postSolution
		SolutionGuid = {437E07FC-CA4C-4ED3-BFBE-6C4F6728FD43}
	EndGlobalSection
EndGlobal
